github.com/NVIDIA/gpu-monitoring-tools v0.0.0-20191118213735-df536d8a56ca h1:Bl7VNPOqTkM9I1Q46AXrkS3DS1KPdmtEddnf5BU97gE=
github.com/NVIDIA/gpu-monitoring-tools v0.0.0-20191118213735-df536d8a56ca/go.mod h1:nMOvShGpWaf0bXwXmeu4k+O4uziuaEI8pWzIj3BUrOA=
github.com/mitchellh/go-ps v0.0.0-20190716172923-621e5597135b h1:9+ke9YJ9KGWw5ANXK6ozjoK47uI3uNbXv4YVINBnGm8=
github.com/mitchellh/go-ps v0.0.0-20190716172923-621e5597135b/go.mod h1:r1VsdOzOPt1ZSrGZWFoNhsAedKnEd6r9Np1+5blZCWk=
